
Microsoft Visual Studio Solution File, Format Version 12.00
# Visual Studio Version 17
VisualStudioVersion = 17.7.34031.279
MinimumVisualStudioVersion = 10.0.40219.1
Project("{FAE04EC0-301F-11D3-BF4B-00C04F79EFBC}") = "FabrichniMethod", "FabrichniMethod\FabrichniMethod.csproj", "{EA351785-6043-4E91-99C9-459E7CD1441C}"
EndProject
Global
	GlobalSection(SolutionConfigurationPlatforms) = preSolution
		Debug|Any CPU = Debug|Any CPU
		Release|Any CPU = Release|Any CPU
	EndGlobalSection
	GlobalSection(ProjectConfigurationPlatforms) = postSolution
		{EA351785-6043-4E91-99C9-459E7CD1441C}.Debug|Any CPU.ActiveCfg = Debug|Any CPU
		{EA351785-6043-4E91-99C9-459E7CD1441C}.Debug|Any CPU.Build.0 = Debug|Any CPU
		{EA351785-6043-4E91-99C9-459E7CD1441C}.Release|Any CPU.ActiveCfg = Release|Any CPU
		{EA351785-6043-4E91-99C9-459E7CD1441C}.Release|Any CPU.Build.0 = Release|Any CPU
	EndGlobalSection
	GlobalSection(SolutionProperties) = preSolution
		HideSolutionNode = FALSE
	EndGlobalSection
	GlobalSection(ExtensibilityGlobals) = postSolution
		SolutionGuid = {54D8EE7C-A2A2-4A57-83AD-7A2EC52A49D3}
	EndGlobalSection
EndGlobal
